
Microsoft Visual Studio Solution File, Format Version 12.00
# Visual Studio Version 16
VisualStudioVersion = 16.0.31321.278
MinimumVisualStudioVersion = 10.0.40219.1
Project("{FAE04EC0-301F-11D3-BF4B-00C04F79EFBC}") = "TelegramBot", "TelegramBot\TelegramBot.csproj", "{915BE3BF-3026-4720-9D89-60DB7E068295}"
EndProject
Global
	GlobalSection(SolutionConfigurationPlatforms) = preSolution
		Debug|Any CPU = Debug|Any CPU
		Release|Any CPU = Release|Any CPU
	EndGlobalSection
	GlobalSection(ProjectConfigurationPlatforms) = postSolution
		{915BE3BF-3026-4720-9D89-60DB7E068295}.Debug|Any CPU.ActiveCfg = Debug|Any CPU
		{915BE3BF-3026-4720-9D89-60DB7E068295}.Debug|Any CPU.Build.0 = Debug|Any CPU
		{915BE3BF-3026-4720-9D89-60DB7E068295}.Release|Any CPU.ActiveCfg = Release|Any CPU
		{915BE3BF-3026-4720-9D89-60DB7E068295}.Release|Any CPU.Build.0 = Release|Any CPU
	EndGlobalSection
	GlobalSection(SolutionProperties) = preSolution
		HideSolutionNode = FALSE
	EndGlobalSection
	GlobalSection(ExtensibilityGlobals) = postSolution
		SolutionGuid = {632BD5B8-7D3C-4EED-8731-50757D7851DF}
	EndGlobalSection
EndGlobal
